ipaddr (ipaddr==2.1.10)
tempita (Tempita==0.5.1)
zodb3 (ZODB3==3.10.5)
  transaction (transaction==1.3.0)
    zope.interface (zope.interface==4.0.1)
      setuptools (setuptools==0.6c11)
      setuptools (setuptools==0.6c11)
  zc.lockfile (zc.lockfile==1.0.0)
    setuptools (setuptools==0.6c11)
  zconfig (ZConfig==2.9.3)
  zdaemon (zdaemon==3.0.4)
    zconfig (ZConfig==2.9.3)
  zope.event (zope.event==4.0.0)
    setuptools (setuptools==0.6c11)
  zope.interface (zope.interface==4.0.1)
    setuptools (setuptools==0.6c11)
    setuptools (setuptools==0.6c11)
lxc4u (lxc4u==0.0.2)
  overlay4u (overlay4u==0.0.4)
    subwrap (subwrap==0.0.1)
  subwrap (subwrap==0.0.1)
nose (nose==1.1.2)
testkit (testkit==0.1.2)
  fudge (fudge==1.0.3)
mock (mock==0.8.0)
ipython (ipython==0.13)
